
Microsoft Visual Studio Solution File, Format Version 12.00
# Visual Studio 15
Project("{FAE04EC0-301F-11D3-BF4B-00C04F79EFBC}") = "GoogleMobileAds", "GoogleMobileAds.csproj", "{F6CB2015-107A-85A0-E44D-722E9A73335F}"
EndProject
Project("{FAE04EC0-301F-11D3-BF4B-00C04F79EFBC}") = "Assembly-CSharp", "Assembly-CSharp.csproj", "{112F29FA-09E4-C027-AD87-D0623C6447A2}"
EndProject
Project("{FAE04EC0-301F-11D3-BF4B-00C04F79EFBC}") = "GoogleMobileAds.Editor", "GoogleMobileAds.Editor.csproj", "{810D1619-65C6-CC86-FA45-ADE8221856B6}"
EndProject
Global
	GlobalSection(SolutionConfigurationPlatforms) = preSolution
		Debug|Any CPU = Debug|Any CPU
		Release|Any CPU = Release|Any CPU
	EndGlobalSection
	GlobalSection(ProjectConfigurationPlatforms) = postSolution
		{F6CB2015-107A-85A0-E44D-722E9A73335F}.Debug|Any CPU.ActiveCfg = Debug|Any CPU
		{F6CB2015-107A-85A0-E44D-722E9A73335F}.Debug|Any CPU.Build.0 = Debug|Any CPU
		{F6CB2015-107A-85A0-E44D-722E9A73335F}.Release|Any CPU.ActiveCfg = Release|Any CPU
		{F6CB2015-107A-85A0-E44D-722E9A73335F}.Release|Any CPU.Build.0 = Release|Any CPU
		{112F29FA-09E4-C027-AD87-D0623C6447A2}.Debug|Any CPU.ActiveCfg = Debug|Any CPU
		{112F29FA-09E4-C027-AD87-D0623C6447A2}.Debug|Any CPU.Build.0 = Debug|Any CPU
		{112F29FA-09E4-C027-AD87-D0623C6447A2}.Release|Any CPU.ActiveCfg = Release|Any CPU
		{112F29FA-09E4-C027-AD87-D0623C6447A2}.Release|Any CPU.Build.0 = Release|Any CPU
		{810D1619-65C6-CC86-FA45-ADE8221856B6}.Debug|Any CPU.ActiveCfg = Debug|Any CPU
		{810D1619-65C6-CC86-FA45-ADE8221856B6}.Debug|Any CPU.Build.0 = Debug|Any CPU
		{810D1619-65C6-CC86-FA45-ADE8221856B6}.Release|Any CPU.ActiveCfg = Release|Any CPU
		{810D1619-65C6-CC86-FA45-ADE8221856B6}.Release|Any CPU.Build.0 = Release|Any CPU
	EndGlobalSection
	GlobalSection(SolutionProperties) = preSolution
		HideSolutionNode = FALSE
	EndGlobalSection
EndGlobal
